
Microsoft Visual Studio Solution File, Format Version 11.00
# Visual Studio 2010
Project("{FAE04EC0-301F-11D3-BF4B-00C04F79EFBC}") = "Eaa.LtaBlog.Application", "Eaa.LtaBlog.Application\Eaa.LtaBlog.Application.csproj", "{BFBB5529-72C8-4095-8EFE-C1EB6A1E90F5}"
EndProject
Global
	GlobalSection(SolutionConfigurationPlatforms) = preSolution
		Debug|Any CPU = Debug|Any CPU
		Release|Any CPU = Release|Any CPU
	EndGlobalSection
	GlobalSection(ProjectConfigurationPlatforms) = postSolution
		{BFBB5529-72C8-4095-8EFE-C1EB6A1E90F5}.Debug|Any CPU.ActiveCfg = Debug|Any CPU
		{BFBB5529-72C8-4095-8EFE-C1EB6A1E90F5}.Debug|Any CPU.Build.0 = Debug|Any CPU
		{BFBB5529-72C8-4095-8EFE-C1EB6A1E90F5}.Release|Any CPU.ActiveCfg = Release|Any CPU
		{BFBB5529-72C8-4095-8EFE-C1EB6A1E90F5}.Release|Any CPU.Build.0 = Release|Any CPU
	EndGlobalSection
	GlobalSection(SolutionProperties) = preSolution
		HideSolutionNode = FALSE
	EndGlobalSection
EndGlobal
